
Microsoft Visual Studio Solution File, Format Version 12.00
# Visual Studio Version 17
VisualStudioVersion = 17.7.34031.279
MinimumVisualStudioVersion = 10.0.40219.1
Project("{FAE04EC0-301F-11D3-BF4B-00C04F79EFBC}") = "Kleur_mixer", "Kleur_mixer\Kleur_mixer.csproj", "{317F356C-DCD2-49A2-8889-9D8ADC413086}"
EndProject
Global
	GlobalSection(SolutionConfigurationPlatforms) = preSolution
		Debug|Any CPU = Debug|Any CPU
		Release|Any CPU = Release|Any CPU
	EndGlobalSection
	GlobalSection(ProjectConfigurationPlatforms) = postSolution
		{317F356C-DCD2-49A2-8889-9D8ADC413086}.Debug|Any CPU.ActiveCfg = Debug|Any CPU
		{317F356C-DCD2-49A2-8889-9D8ADC413086}.Debug|Any CPU.Build.0 = Debug|Any CPU
		{317F356C-DCD2-49A2-8889-9D8ADC413086}.Release|Any CPU.ActiveCfg = Release|Any CPU
		{317F356C-DCD2-49A2-8889-9D8ADC413086}.Release|Any CPU.Build.0 = Release|Any CPU
	EndGlobalSection
	GlobalSection(SolutionProperties) = preSolution
		HideSolutionNode = FALSE
	EndGlobalSection
	GlobalSection(ExtensibilityGlobals) = postSolution
		SolutionGuid = {5AAF525F-5227-4750-B5BC-27FA930177AA}
	EndGlobalSection
EndGlobal
