
Microsoft Visual Studio Solution File, Format Version 12.00
# Visual Studio Version 17
VisualStudioVersion = 17.7.34031.279
MinimumVisualStudioVersion = 10.0.40219.1
Project("{FAE04EC0-301F-11D3-BF4B-00C04F79EFBC}") = "BankManager", "BankManager\BankManager.csproj", "{FAC58788-ECC7-4F4F-B4CF-AB3B1CA71341}"
EndProject
Global
	GlobalSection(SolutionConfigurationPlatforms) = preSolution
		Debug|Any CPU = Debug|Any CPU
		Release|Any CPU = Release|Any CPU
	EndGlobalSection
	GlobalSection(ProjectConfigurationPlatforms) = postSolution
		{FAC58788-ECC7-4F4F-B4CF-AB3B1CA71341}.Debug|Any CPU.ActiveCfg = Debug|Any CPU
		{FAC58788-ECC7-4F4F-B4CF-AB3B1CA71341}.Debug|Any CPU.Build.0 = Debug|Any CPU
		{FAC58788-ECC7-4F4F-B4CF-AB3B1CA71341}.Release|Any CPU.ActiveCfg = Release|Any CPU
		{FAC58788-ECC7-4F4F-B4CF-AB3B1CA71341}.Release|Any CPU.Build.0 = Release|Any CPU
	EndGlobalSection
	GlobalSection(SolutionProperties) = preSolution
		HideSolutionNode = FALSE
	EndGlobalSection
	GlobalSection(ExtensibilityGlobals) = postSolution
		SolutionGuid = {775025E6-4A11-4C2B-8FDA-BC4EE296850C}
	EndGlobalSection
EndGlobal
