
Microsoft Visual Studio Solution File, Format Version 12.00
# Visual Studio Version 17
VisualStudioVersion = 17.14.36203.30 d17.14
MinimumVisualStudioVersion = 10.0.40219.1
Project("{FAE04EC0-301F-11D3-BF4B-00C04F79EFBC}") = "FizzBuzz", "tdd-basics\FizzBuzz.csproj", "{0A7E70F4-BA69-4C22-BCFC-9EF730D18526}"
EndProject
Project("{FAE04EC0-301F-11D3-BF4B-00C04F79EFBC}") = "FizzBuzz.library", "tdd-basics.library\FizzBuzz.library.csproj", "{BCC48B0C-673E-4137-AE99-913BE4DBDE39}"
EndProject
Project("{FAE04EC0-301F-11D3-BF4B-00C04F79EFBC}") = "FizzBuzz.library.test", "FizzBuzz.library.test\FizzBuzz.library.test.csproj", "{3E19438B-1272-403A-A873-8FB8C9ABBCDC}"
EndProject
Global
	GlobalSection(SolutionConfigurationPlatforms) = preSolution
		Debug|Any CPU = Debug|Any CPU
		Release|Any CPU = Release|Any CPU
	EndGlobalSection
	GlobalSection(ProjectConfigurationPlatforms) = postSolution
		{0A7E70F4-BA69-4C22-BCFC-9EF730D18526}.Debug|Any CPU.ActiveCfg = Debug|Any CPU
		{0A7E70F4-BA69-4C22-BCFC-9EF730D18526}.Debug|Any CPU.Build.0 = Debug|Any CPU
		{0A7E70F4-BA69-4C22-BCFC-9EF730D18526}.Release|Any CPU.ActiveCfg = Release|Any CPU
		{0A7E70F4-BA69-4C22-BCFC-9EF730D18526}.Release|Any CPU.Build.0 = Release|Any CPU
		{BCC48B0C-673E-4137-AE99-913BE4DBDE39}.Debug|Any CPU.ActiveCfg = Debug|Any CPU
		{BCC48B0C-673E-4137-AE99-913BE4DBDE39}.Debug|Any CPU.Build.0 = Debug|Any CPU
		{BCC48B0C-673E-4137-AE99-913BE4DBDE39}.Release|Any CPU.ActiveCfg = Release|Any CPU
		{BCC48B0C-673E-4137-AE99-913BE4DBDE39}.Release|Any CPU.Build.0 = Release|Any CPU
		{3E19438B-1272-403A-A873-8FB8C9ABBCDC}.Debug|Any CPU.ActiveCfg = Debug|Any CPU
		{3E19438B-1272-403A-A873-8FB8C9ABBCDC}.Debug|Any CPU.Build.0 = Debug|Any CPU
		{3E19438B-1272-403A-A873-8FB8C9ABBCDC}.Release|Any CPU.ActiveCfg = Release|Any CPU
		{3E19438B-1272-403A-A873-8FB8C9ABBCDC}.Release|Any CPU.Build.0 = Release|Any CPU
	EndGlobalSection
	GlobalSection(SolutionProperties) = preSolution
		HideSolutionNode = FALSE
	EndGlobalSection
	GlobalSection(ExtensibilityGlobals) = postSolution
		SolutionGuid = {B82A01B4-ED3B-4DF3-B24D-BC903B54ACA4}
	EndGlobalSection
EndGlobal
