
Microsoft Visual Studio Solution File, Format Version 12.00
# Visual Studio Version 17
VisualStudioVersion = 17.3.32929.385
MinimumVisualStudioVersion = 10.0.40219.1
Project("{FAE04EC0-301F-11D3-BF4B-00C04F79EFBC}") = "oop oefeningen", "oop oefeningen\oop oefeningen.csproj", "{EF08FBFA-0BC7-4360-8CF6-F27193A9A1C6}"
EndProject
Global
	GlobalSection(SolutionConfigurationPlatforms) = preSolution
		Debug|Any CPU = Debug|Any CPU
		Release|Any CPU = Release|Any CPU
	EndGlobalSection
	GlobalSection(ProjectConfigurationPlatforms) = postSolution
		{EF08FBFA-0BC7-4360-8CF6-F27193A9A1C6}.Debug|Any CPU.ActiveCfg = Debug|Any CPU
		{EF08FBFA-0BC7-4360-8CF6-F27193A9A1C6}.Debug|Any CPU.Build.0 = Debug|Any CPU
		{EF08FBFA-0BC7-4360-8CF6-F27193A9A1C6}.Release|Any CPU.ActiveCfg = Release|Any CPU
		{EF08FBFA-0BC7-4360-8CF6-F27193A9A1C6}.Release|Any CPU.Build.0 = Release|Any CPU
	EndGlobalSection
	GlobalSection(SolutionProperties) = preSolution
		HideSolutionNode = FALSE
	EndGlobalSection
	GlobalSection(ExtensibilityGlobals) = postSolution
		SolutionGuid = {0BDDEA2F-7E84-449D-8645-03BAAFA973BF}
	EndGlobalSection
EndGlobal
