
Microsoft Visual Studio Solution File, Format Version 12.00
# Visual Studio Version 17
VisualStudioVersion = 17.7.34031.279
MinimumVisualStudioVersion = 10.0.40219.1
Project("{FAE04EC0-301F-11D3-BF4B-00C04F79EFBC}") = "Digitale Kluis", "Digitale Kluis\Digitale Kluis.csproj", "{AB3C61DB-0C21-4171-A889-87EFCE971E33}"
EndProject
Global
	GlobalSection(SolutionConfigurationPlatforms) = preSolution
		Debug|Any CPU = Debug|Any CPU
		Release|Any CPU = Release|Any CPU
	EndGlobalSection
	GlobalSection(ProjectConfigurationPlatforms) = postSolution
		{AB3C61DB-0C21-4171-A889-87EFCE971E33}.Debug|Any CPU.ActiveCfg = Debug|Any CPU
		{AB3C61DB-0C21-4171-A889-87EFCE971E33}.Debug|Any CPU.Build.0 = Debug|Any CPU
		{AB3C61DB-0C21-4171-A889-87EFCE971E33}.Release|Any CPU.ActiveCfg = Release|Any CPU
		{AB3C61DB-0C21-4171-A889-87EFCE971E33}.Release|Any CPU.Build.0 = Release|Any CPU
	EndGlobalSection
	GlobalSection(SolutionProperties) = preSolution
		HideSolutionNode = FALSE
	EndGlobalSection
	GlobalSection(ExtensibilityGlobals) = postSolution
		SolutionGuid = {D6E0F5D3-03BD-4859-B8C2-ABFFD1905F9C}
	EndGlobalSection
EndGlobal
