
Microsoft Visual Studio Solution File, Format Version 12.00
# Visual Studio Version 17
VisualStudioVersion = 17.11.35303.130
MinimumVisualStudioVersion = 10.0.40219.1
Project("{FAE04EC0-301F-11D3-BF4B-00C04F79EFBC}") = "BeginnenMetCSharp", "BeginnenMetCSharp\BeginnenMetCSharp.csproj", "{ADEEC167-43D7-4B2D-9603-5FB84B8256C3}"
EndProject
Global
	GlobalSection(SolutionConfigurationPlatforms) = preSolution
		Debug|Any CPU = Debug|Any CPU
		Release|Any CPU = Release|Any CPU
	EndGlobalSection
	GlobalSection(ProjectConfigurationPlatforms) = postSolution
		{ADEEC167-43D7-4B2D-9603-5FB84B8256C3}.Debug|Any CPU.ActiveCfg = Debug|Any CPU
		{ADEEC167-43D7-4B2D-9603-5FB84B8256C3}.Debug|Any CPU.Build.0 = Debug|Any CPU
		{ADEEC167-43D7-4B2D-9603-5FB84B8256C3}.Release|Any CPU.ActiveCfg = Release|Any CPU
		{ADEEC167-43D7-4B2D-9603-5FB84B8256C3}.Release|Any CPU.Build.0 = Release|Any CPU
	EndGlobalSection
	GlobalSection(SolutionProperties) = preSolution
		HideSolutionNode = FALSE
	EndGlobalSection
	GlobalSection(ExtensibilityGlobals) = postSolution
		SolutionGuid = {E84D9815-C398-4CD1-9D15-6B10357B03B0}
	EndGlobalSection
EndGlobal
