
Microsoft Visual Studio Solution File, Format Version 12.00
# Visual Studio Version 17
VisualStudioVersion = 17.7.34003.232
MinimumVisualStudioVersion = 10.0.40219.1
Project("{FAE04EC0-301F-11D3-BF4B-00C04F79EFBC}") = "blablablabalb", "blablablabalb\blablablabalb.csproj", "{A6F58776-9C2A-4534-90A5-9FFE65F6391B}"
EndProject
Global
	GlobalSection(SolutionConfigurationPlatforms) = preSolution
		Debug|Any CPU = Debug|Any CPU
		Release|Any CPU = Release|Any CPU
	EndGlobalSection
	GlobalSection(ProjectConfigurationPlatforms) = postSolution
		{A6F58776-9C2A-4534-90A5-9FFE65F6391B}.Debug|Any CPU.ActiveCfg = Debug|Any CPU
		{A6F58776-9C2A-4534-90A5-9FFE65F6391B}.Debug|Any CPU.Build.0 = Debug|Any CPU
		{A6F58776-9C2A-4534-90A5-9FFE65F6391B}.Release|Any CPU.ActiveCfg = Release|Any CPU
		{A6F58776-9C2A-4534-90A5-9FFE65F6391B}.Release|Any CPU.Build.0 = Release|Any CPU
	EndGlobalSection
	GlobalSection(SolutionProperties) = preSolution
		HideSolutionNode = FALSE
	EndGlobalSection
	GlobalSection(ExtensibilityGlobals) = postSolution
		SolutionGuid = {70753A6A-D022-4CF6-B157-7C43E6618D69}
	EndGlobalSection
EndGlobal
