
Microsoft Visual Studio Solution File, Format Version 12.00
# Visual Studio Version 17
VisualStudioVersion = 17.3.32929.385
MinimumVisualStudioVersion = 10.0.40219.1
Project("{FAE04EC0-301F-11D3-BF4B-00C04F79EFBC}") = "les", "les\les.csproj", "{4A395201-1087-4A2E-8E07-B3471970506B}"
EndProject
Global
	GlobalSection(SolutionConfigurationPlatforms) = preSolution
		Debug|Any CPU = Debug|Any CPU
		Release|Any CPU = Release|Any CPU
	EndGlobalSection
	GlobalSection(ProjectConfigurationPlatforms) = postSolution
		{4A395201-1087-4A2E-8E07-B3471970506B}.Debug|Any CPU.ActiveCfg = Debug|Any CPU
		{4A395201-1087-4A2E-8E07-B3471970506B}.Debug|Any CPU.Build.0 = Debug|Any CPU
		{4A395201-1087-4A2E-8E07-B3471970506B}.Release|Any CPU.ActiveCfg = Release|Any CPU
		{4A395201-1087-4A2E-8E07-B3471970506B}.Release|Any CPU.Build.0 = Release|Any CPU
	EndGlobalSection
	GlobalSection(SolutionProperties) = preSolution
		HideSolutionNode = FALSE
	EndGlobalSection
	GlobalSection(ExtensibilityGlobals) = postSolution
		SolutionGuid = {1D96B423-060F-40FF-B646-A4AE74AEA090}
	EndGlobalSection
EndGlobal
