
Microsoft Visual Studio Solution File, Format Version 12.00
# Visual Studio Version 17
VisualStudioVersion = 17.7.34031.279
MinimumVisualStudioVersion = 10.0.40219.1
Project("{FAE04EC0-301F-11D3-BF4B-00C04F79EFBC}") = "PizzaTime", "PizzaTime\PizzaTime.csproj", "{CFA560EB-102A-4CE9-B95D-29A6F9AA1584}"
EndProject
Global
	GlobalSection(SolutionConfigurationPlatforms) = preSolution
		Debug|Any CPU = Debug|Any CPU
		Release|Any CPU = Release|Any CPU
	EndGlobalSection
	GlobalSection(ProjectConfigurationPlatforms) = postSolution
		{CFA560EB-102A-4CE9-B95D-29A6F9AA1584}.Debug|Any CPU.ActiveCfg = Debug|Any CPU
		{CFA560EB-102A-4CE9-B95D-29A6F9AA1584}.Debug|Any CPU.Build.0 = Debug|Any CPU
		{CFA560EB-102A-4CE9-B95D-29A6F9AA1584}.Release|Any CPU.ActiveCfg = Release|Any CPU
		{CFA560EB-102A-4CE9-B95D-29A6F9AA1584}.Release|Any CPU.Build.0 = Release|Any CPU
	EndGlobalSection
	GlobalSection(SolutionProperties) = preSolution
		HideSolutionNode = FALSE
	EndGlobalSection
	GlobalSection(ExtensibilityGlobals) = postSolution
		SolutionGuid = {009CF255-C7FB-48A5-A50F-4943679920D9}
	EndGlobalSection
EndGlobal
