
Microsoft Visual Studio Solution File, Format Version 12.00
# Visual Studio Version 17
VisualStudioVersion = 17.11.35303.130
MinimumVisualStudioVersion = 10.0.40219.1
Project("{FAE04EC0-301F-11D3-BF4B-00C04F79EFBC}") = "DemoOverervingen", "DemoOverervingen\DemoOverervingen.csproj", "{D89B0A56-7DA1-4692-95A0-1D5874A8E12B}"
EndProject
Global
	GlobalSection(SolutionConfigurationPlatforms) = preSolution
		Debug|Any CPU = Debug|Any CPU
		Release|Any CPU = Release|Any CPU
	EndGlobalSection
	GlobalSection(ProjectConfigurationPlatforms) = postSolution
		{D89B0A56-7DA1-4692-95A0-1D5874A8E12B}.Debug|Any CPU.ActiveCfg = Debug|Any CPU
		{D89B0A56-7DA1-4692-95A0-1D5874A8E12B}.Debug|Any CPU.Build.0 = Debug|Any CPU
		{D89B0A56-7DA1-4692-95A0-1D5874A8E12B}.Release|Any CPU.ActiveCfg = Release|Any CPU
		{D89B0A56-7DA1-4692-95A0-1D5874A8E12B}.Release|Any CPU.Build.0 = Release|Any CPU
	EndGlobalSection
	GlobalSection(SolutionProperties) = preSolution
		HideSolutionNode = FALSE
	EndGlobalSection
	GlobalSection(ExtensibilityGlobals) = postSolution
		SolutionGuid = {F82F28E4-EBB6-4186-9146-1A59F7159396}
	EndGlobalSection
EndGlobal
