
Microsoft Visual Studio Solution File, Format Version 12.00
# Visual Studio Version 17
VisualStudioVersion = 17.3.32901.215
MinimumVisualStudioVersion = 10.0.40219.1
Project("{FAE04EC0-301F-11D3-BF4B-00C04F79EFBC}") = "demo h3", "demo h3\demo h3.csproj", "{D43F97D2-23FF-4880-BE3B-8A6719BE6E54}"
EndProject
Global
	GlobalSection(SolutionConfigurationPlatforms) = preSolution
		Debug|Any CPU = Debug|Any CPU
		Release|Any CPU = Release|Any CPU
	EndGlobalSection
	GlobalSection(ProjectConfigurationPlatforms) = postSolution
		{D43F97D2-23FF-4880-BE3B-8A6719BE6E54}.Debug|Any CPU.ActiveCfg = Debug|Any CPU
		{D43F97D2-23FF-4880-BE3B-8A6719BE6E54}.Debug|Any CPU.Build.0 = Debug|Any CPU
		{D43F97D2-23FF-4880-BE3B-8A6719BE6E54}.Release|Any CPU.ActiveCfg = Release|Any CPU
		{D43F97D2-23FF-4880-BE3B-8A6719BE6E54}.Release|Any CPU.Build.0 = Release|Any CPU
	EndGlobalSection
	GlobalSection(SolutionProperties) = preSolution
		HideSolutionNode = FALSE
	EndGlobalSection
	GlobalSection(ExtensibilityGlobals) = postSolution
		SolutionGuid = {16350FAB-6F14-4305-A305-D03018FB49C9}
	EndGlobalSection
EndGlobal
