
Microsoft Visual Studio Solution File, Format Version 12.00
# Visual Studio Version 17
VisualStudioVersion = 17.7.34003.232
MinimumVisualStudioVersion = 10.0.40219.1
Project("{FAE04EC0-301F-11D3-BF4B-00C04F79EFBC}") = "OOP2_Khizirov_Ismail", "OOP2_Khizirov_Ismail\OOP2_Khizirov_Ismail.csproj", "{BC1A66C0-76DC-4037-B614-62AC5E55C59D}"
EndProject
Global
	GlobalSection(SolutionConfigurationPlatforms) = preSolution
		Debug|Any CPU = Debug|Any CPU
		Release|Any CPU = Release|Any CPU
	EndGlobalSection
	GlobalSection(ProjectConfigurationPlatforms) = postSolution
		{BC1A66C0-76DC-4037-B614-62AC5E55C59D}.Debug|Any CPU.ActiveCfg = Debug|Any CPU
		{BC1A66C0-76DC-4037-B614-62AC5E55C59D}.Debug|Any CPU.Build.0 = Debug|Any CPU
		{BC1A66C0-76DC-4037-B614-62AC5E55C59D}.Release|Any CPU.ActiveCfg = Release|Any CPU
		{BC1A66C0-76DC-4037-B614-62AC5E55C59D}.Release|Any CPU.Build.0 = Release|Any CPU
	EndGlobalSection
	GlobalSection(SolutionProperties) = preSolution
		HideSolutionNode = FALSE
	EndGlobalSection
	GlobalSection(ExtensibilityGlobals) = postSolution
		SolutionGuid = {A4808008-2DFB-466D-9258-7CB6F1719C12}
	EndGlobalSection
EndGlobal
