
Microsoft Visual Studio Solution File, Format Version 12.00
# Visual Studio Version 17
VisualStudioVersion = 17.14.36203.30 d17.14
MinimumVisualStudioVersion = 10.0.40219.1
Project("{FAE04EC0-301F-11D3-BF4B-00C04F79EFBC}") = "unitTesting", "unitTesting\unitTesting.csproj", "{49D6528A-6F67-4181-A0F1-86FDD7B52962}"
EndProject
Project("{FAE04EC0-301F-11D3-BF4B-00C04F79EFBC}") = "TestProject1", "TestProject1\TestProject1.csproj", "{BD4E54A2-94EB-4D2D-9B3C-25E00C85B179}"
EndProject
Global
	GlobalSection(SolutionConfigurationPlatforms) = preSolution
		Debug|Any CPU = Debug|Any CPU
		Release|Any CPU = Release|Any CPU
	EndGlobalSection
	GlobalSection(ProjectConfigurationPlatforms) = postSolution
		{49D6528A-6F67-4181-A0F1-86FDD7B52962}.Debug|Any CPU.ActiveCfg = Debug|Any CPU
		{49D6528A-6F67-4181-A0F1-86FDD7B52962}.Debug|Any CPU.Build.0 = Debug|Any CPU
		{49D6528A-6F67-4181-A0F1-86FDD7B52962}.Release|Any CPU.ActiveCfg = Release|Any CPU
		{49D6528A-6F67-4181-A0F1-86FDD7B52962}.Release|Any CPU.Build.0 = Release|Any CPU
		{BD4E54A2-94EB-4D2D-9B3C-25E00C85B179}.Debug|Any CPU.ActiveCfg = Debug|Any CPU
		{BD4E54A2-94EB-4D2D-9B3C-25E00C85B179}.Debug|Any CPU.Build.0 = Debug|Any CPU
		{BD4E54A2-94EB-4D2D-9B3C-25E00C85B179}.Release|Any CPU.ActiveCfg = Release|Any CPU
		{BD4E54A2-94EB-4D2D-9B3C-25E00C85B179}.Release|Any CPU.Build.0 = Release|Any CPU
	EndGlobalSection
	GlobalSection(SolutionProperties) = preSolution
		HideSolutionNode = FALSE
	EndGlobalSection
	GlobalSection(ExtensibilityGlobals) = postSolution
		SolutionGuid = {BE5BA4A4-897D-41CE-A625-F1F4A5B50BC1}
	EndGlobalSection
EndGlobal
