
Microsoft Visual Studio Solution File, Format Version 12.00
# Visual Studio Version 17
VisualStudioVersion = 17.7.34031.279
MinimumVisualStudioVersion = 10.0.40219.1
Project("{9A19103F-16F7-4668-BE54-9A1E7A4F7556}") = "herodemo", "herodemo\herodemo.csproj", "{5CEC42C0-55FA-4F70-B1C6-77978D2C4FCB}"
EndProject
Project("{FAE04EC0-301F-11D3-BF4B-00C04F79EFBC}") = "HQ24_DAL_CL", "HQ24_DAL_CL\HQ24_DAL_CL.csproj", "{2F671453-CEA4-48CF-B3B9-7CD89D3AAB65}"
EndProject
Global
	GlobalSection(SolutionConfigurationPlatforms) = preSolution
		Debug|Any CPU = Debug|Any CPU
		Release|Any CPU = Release|Any CPU
	EndGlobalSection
	GlobalSection(ProjectConfigurationPlatforms) = postSolution
		{5CEC42C0-55FA-4F70-B1C6-77978D2C4FCB}.Debug|Any CPU.ActiveCfg = Debug|Any CPU
		{5CEC42C0-55FA-4F70-B1C6-77978D2C4FCB}.Debug|Any CPU.Build.0 = Debug|Any CPU
		{5CEC42C0-55FA-4F70-B1C6-77978D2C4FCB}.Release|Any CPU.ActiveCfg = Release|Any CPU
		{5CEC42C0-55FA-4F70-B1C6-77978D2C4FCB}.Release|Any CPU.Build.0 = Release|Any CPU
		{2F671453-CEA4-48CF-B3B9-7CD89D3AAB65}.Debug|Any CPU.ActiveCfg = Debug|Any CPU
		{2F671453-CEA4-48CF-B3B9-7CD89D3AAB65}.Debug|Any CPU.Build.0 = Debug|Any CPU
		{2F671453-CEA4-48CF-B3B9-7CD89D3AAB65}.Release|Any CPU.ActiveCfg = Release|Any CPU
		{2F671453-CEA4-48CF-B3B9-7CD89D3AAB65}.Release|Any CPU.Build.0 = Release|Any CPU
	EndGlobalSection
	GlobalSection(SolutionProperties) = preSolution
		HideSolutionNode = FALSE
	EndGlobalSection
	GlobalSection(ExtensibilityGlobals) = postSolution
		SolutionGuid = {B89F2E2F-D105-4671-928B-FE42E46D9671}
	EndGlobalSection
EndGlobal
