
Microsoft Visual Studio Solution File, Format Version 12.00
# Visual Studio Version 17
VisualStudioVersion = 17.6.33801.468
MinimumVisualStudioVersion = 10.0.40219.1
Project("{FAE04EC0-301F-11D3-BF4B-00C04F79EFBC}") = "bomboclaut", "bomboclaut\bomboclaut.csproj", "{E140B887-B5E3-4EFE-AE5C-8591ACF1DE7F}"
EndProject
Global
	GlobalSection(SolutionConfigurationPlatforms) = preSolution
		Debug|Any CPU = Debug|Any CPU
		Release|Any CPU = Release|Any CPU
	EndGlobalSection
	GlobalSection(ProjectConfigurationPlatforms) = postSolution
		{E140B887-B5E3-4EFE-AE5C-8591ACF1DE7F}.Debug|Any CPU.ActiveCfg = Debug|Any CPU
		{E140B887-B5E3-4EFE-AE5C-8591ACF1DE7F}.Debug|Any CPU.Build.0 = Debug|Any CPU
		{E140B887-B5E3-4EFE-AE5C-8591ACF1DE7F}.Release|Any CPU.ActiveCfg = Release|Any CPU
		{E140B887-B5E3-4EFE-AE5C-8591ACF1DE7F}.Release|Any CPU.Build.0 = Release|Any CPU
	EndGlobalSection
	GlobalSection(SolutionProperties) = preSolution
		HideSolutionNode = FALSE
	EndGlobalSection
	GlobalSection(ExtensibilityGlobals) = postSolution
		SolutionGuid = {598E6867-F91B-4BEB-BC24-36C9B3913BF6}
	EndGlobalSection
EndGlobal
