
Microsoft Visual Studio Solution File, Format Version 12.00
# Visual Studio Version 17
VisualStudioVersion = 17.5.33424.131
MinimumVisualStudioVersion = 10.0.40219.1
Project("{FAE04EC0-301F-11D3-BF4B-00C04F79EFBC}") = "Hfd 9 oefn 3", "Hfd 9 oefn 3\Hfd 9 oefn 3.csproj", "{E30E0158-13F1-4438-8AAD-7EF124F20D67}"
EndProject
Global
	GlobalSection(SolutionConfigurationPlatforms) = preSolution
		Debug|Any CPU = Debug|Any CPU
		Release|Any CPU = Release|Any CPU
	EndGlobalSection
	GlobalSection(ProjectConfigurationPlatforms) = postSolution
		{E30E0158-13F1-4438-8AAD-7EF124F20D67}.Debug|Any CPU.ActiveCfg = Debug|Any CPU
		{E30E0158-13F1-4438-8AAD-7EF124F20D67}.Debug|Any CPU.Build.0 = Debug|Any CPU
		{E30E0158-13F1-4438-8AAD-7EF124F20D67}.Release|Any CPU.ActiveCfg = Release|Any CPU
		{E30E0158-13F1-4438-8AAD-7EF124F20D67}.Release|Any CPU.Build.0 = Release|Any CPU
	EndGlobalSection
	GlobalSection(SolutionProperties) = preSolution
		HideSolutionNode = FALSE
	EndGlobalSection
	GlobalSection(ExtensibilityGlobals) = postSolution
		SolutionGuid = {8335F0C7-E01F-48FF-9935-AE20A06A608D}
	EndGlobalSection
EndGlobal
