
Microsoft Visual Studio Solution File, Format Version 12.00
# Visual Studio Version 17
VisualStudioVersion = 17.3.32901.215
MinimumVisualStudioVersion = 10.0.40219.1
Project("{FAE04EC0-301F-11D3-BF4B-00C04F79EFBC}") = "H1oef-Rommelzin", "H1oef-Rommelzin\H1oef-Rommelzin.csproj", "{B1E81F0B-1475-4C8D-95F3-1CE1482D9AF4}"
EndProject
Global
	GlobalSection(SolutionConfigurationPlatforms) = preSolution
		Debug|Any CPU = Debug|Any CPU
		Release|Any CPU = Release|Any CPU
	EndGlobalSection
	GlobalSection(ProjectConfigurationPlatforms) = postSolution
		{B1E81F0B-1475-4C8D-95F3-1CE1482D9AF4}.Debug|Any CPU.ActiveCfg = Debug|Any CPU
		{B1E81F0B-1475-4C8D-95F3-1CE1482D9AF4}.Debug|Any CPU.Build.0 = Debug|Any CPU
		{B1E81F0B-1475-4C8D-95F3-1CE1482D9AF4}.Release|Any CPU.ActiveCfg = Release|Any CPU
		{B1E81F0B-1475-4C8D-95F3-1CE1482D9AF4}.Release|Any CPU.Build.0 = Release|Any CPU
	EndGlobalSection
	GlobalSection(SolutionProperties) = preSolution
		HideSolutionNode = FALSE
	EndGlobalSection
	GlobalSection(ExtensibilityGlobals) = postSolution
		SolutionGuid = {74DC72C4-EA91-481B-BA97-6EE013A190D8}
	EndGlobalSection
EndGlobal
