
Microsoft Visual Studio Solution File, Format Version 12.00
# Visual Studio Version 17
VisualStudioVersion = 17.3.32901.215
MinimumVisualStudioVersion = 10.0.40219.1
Project("{FAE04EC0-301F-11D3-BF4B-00C04F79EFBC}") = "Labo4 hfdstk 3", "Labo4 hfdstk 3\Labo4 hfdstk 3.csproj", "{7BACD7EF-9D06-4B95-875E-5BF5336D342A}"
EndProject
Project("{FAE04EC0-301F-11D3-BF4B-00C04F79EFBC}") = "oefWeerstandsberekenaar", "oefWeerstandsberekenaar\oefWeerstandsberekenaar.csproj", "{2F7C7B92-7F24-48ED-962E-2B69D56A1069}"
EndProject
Global
	GlobalSection(SolutionConfigurationPlatforms) = preSolution
		Debug|Any CPU = Debug|Any CPU
		Release|Any CPU = Release|Any CPU
	EndGlobalSection
	GlobalSection(ProjectConfigurationPlatforms) = postSolution
		{7BACD7EF-9D06-4B95-875E-5BF5336D342A}.Debug|Any CPU.ActiveCfg = Debug|Any CPU
		{7BACD7EF-9D06-4B95-875E-5BF5336D342A}.Debug|Any CPU.Build.0 = Debug|Any CPU
		{7BACD7EF-9D06-4B95-875E-5BF5336D342A}.Release|Any CPU.ActiveCfg = Release|Any CPU
		{7BACD7EF-9D06-4B95-875E-5BF5336D342A}.Release|Any CPU.Build.0 = Release|Any CPU
		{2F7C7B92-7F24-48ED-962E-2B69D56A1069}.Debug|Any CPU.ActiveCfg = Debug|Any CPU
		{2F7C7B92-7F24-48ED-962E-2B69D56A1069}.Debug|Any CPU.Build.0 = Debug|Any CPU
		{2F7C7B92-7F24-48ED-962E-2B69D56A1069}.Release|Any CPU.ActiveCfg = Release|Any CPU
		{2F7C7B92-7F24-48ED-962E-2B69D56A1069}.Release|Any CPU.Build.0 = Release|Any CPU
	EndGlobalSection
	GlobalSection(SolutionProperties) = preSolution
		HideSolutionNode = FALSE
	EndGlobalSection
	GlobalSection(ExtensibilityGlobals) = postSolution
		SolutionGuid = {4A3CE84E-FB76-4CB1-BC0E-F160DCEE358E}
	EndGlobalSection
EndGlobal
