
Microsoft Visual Studio Solution File, Format Version 12.00
# Visual Studio Version 17
VisualStudioVersion = 17.5.33424.131
MinimumVisualStudioVersion = 10.0.40219.1
Project("{FAE04EC0-301F-11D3-BF4B-00C04F79EFBC}") = "Khizirov_Ismail_OOP", "Khizirov_Ismail_OOP\Khizirov_Ismail_OOP.csproj", "{29182E66-FA2B-4B2D-AE2D-0539F3C36D93}"
EndProject
Global
	GlobalSection(SolutionConfigurationPlatforms) = preSolution
		Debug|Any CPU = Debug|Any CPU
		Release|Any CPU = Release|Any CPU
	EndGlobalSection
	GlobalSection(ProjectConfigurationPlatforms) = postSolution
		{29182E66-FA2B-4B2D-AE2D-0539F3C36D93}.Debug|Any CPU.ActiveCfg = Debug|Any CPU
		{29182E66-FA2B-4B2D-AE2D-0539F3C36D93}.Debug|Any CPU.Build.0 = Debug|Any CPU
		{29182E66-FA2B-4B2D-AE2D-0539F3C36D93}.Release|Any CPU.ActiveCfg = Release|Any CPU
		{29182E66-FA2B-4B2D-AE2D-0539F3C36D93}.Release|Any CPU.Build.0 = Release|Any CPU
	EndGlobalSection
	GlobalSection(SolutionProperties) = preSolution
		HideSolutionNode = FALSE
	EndGlobalSection
	GlobalSection(ExtensibilityGlobals) = postSolution
		SolutionGuid = {923242BF-D80E-441C-8815-7B77BA1772EF}
	EndGlobalSection
EndGlobal
